// !$*UTF8*$!
{
	archiveVersion = 1;
	classes = {
	};
	objectVersion = 56;
	objects = {

/* Begin PBXBuildFile section */
		38871DA62C49AFC9003EF377 /* BalanceWellApp.swift in Sources */ = {isa = PBXBuildFile; fileRef = 38871DA52C49AFC9003EF377 /* BalanceWellApp.swift */; };
		38871DA82C49AFC9003EF377 /* ContentView.swift in Sources */ = {isa = PBXBuildFile; fileRef = 38871DA72C49AFC9003EF377 /* ContentView.swift */; };
		38871DAA2C49AFCB003EF377 /* Assets.xcassets in Resources */ = {isa = PBXBuildFile; fileRef = 38871DA92C49AFCB003EF377 /* Assets.xcassets */; };
		38871DAD2C49AFCB003EF377 /* Preview Assets.xcassets in Resources */ = {isa = PBXBuildFile; fileRef = 38871DAC2C49AFCB003EF377 /* Preview Assets.xcassets */; };
		38871DB72C49AFCB003EF377 /* BalanceWellTests.swift in Sources */ = {isa = PBXBuildFile; fileRef = 38871DB62C49AFCB003EF377 /* BalanceWellTests.swift */; };
		38871DC12C49AFCB003EF377 /* BalanceWellUITests.swift in Sources */ = {isa = PBXBuildFile; fileRef = 38871DC02C49AFCB003EF377 /* BalanceWellUITests.swift */; };
		38871DC32C49AFCB003EF377 /* BalanceWellUITestsLaunchTests.swift in Sources */ = {isa = PBXBuildFile; fileRef = 38871DC22C49AFCB003EF377 /* BalanceWellUITestsLaunchTests.swift */; };
		38871DD02C49B0FE003EF377 /* homePage.swift in Sources */ = {isa = PBXBuildFile; fileRef = 38871DCF2C49B0FE003EF377 /* homePage.swift */; };
		38871DD22C49B250003EF377 /* Stretches.swift in Sources */ = {isa = PBXBuildFile; fileRef = 38871DD12C49B250003EF377 /* Stretches.swift */; };
		38871DD42C49B2C2003EF377 /* sleepTracker.swift in Sources */ = {isa = PBXBuildFile; fileRef = 38871DD32C49B2C2003EF377 /* sleepTracker.swift */; };
		38871DD62C49B30F003EF377 /* Meditation.swift in Sources */ = {isa = PBXBuildFile; fileRef = 38871DD52C49B30F003EF377 /* Meditation.swift */; };
		38871DD82C49B492003EF377 /* TwoMinuteTimer.swift in Sources */ = {isa = PBXBuildFile; fileRef = 38871DD72C49B492003EF377 /* TwoMinuteTimer.swift */; };
		38871DDA2C49B501003EF377 /* FiveMinTimer.swift in Sources */ = {isa = PBXBuildFile; fileRef = 38871DD92C49B501003EF377 /* FiveMinTimer.swift */; };
		38871DDC2C49B535003EF377 /* TenMinTimer.swift in Sources */ = {isa = PBXBuildFile; fileRef = 38871DDB2C49B534003EF377 /* TenMinTimer.swift */; };
/* End PBXBuildFile section */

/* Begin PBXContainerItemProxy section */
		38871DB32C49AFCB003EF377 /* PBXContainerItemProxy */ = {
			isa = PBXContainerItemProxy;
			containerPortal = 38871D9A2C49AFC9003EF377 /* Project object */;
			proxyType = 1;
			remoteGlobalIDString = 38871DA12C49AFC9003EF377;
			remoteInfo = BalanceWell;
		};
		38871DBD2C49AFCB003EF377 /* PBXContainerItemProxy */ = {
			isa = PBXContainerItemProxy;
			containerPortal = 38871D9A2C49AFC9003EF377 /* Project object */;
			proxyType = 1;
			remoteGlobalIDString = 38871DA12C49AFC9003EF377;
			remoteInfo = BalanceWell;
		};
/* End PBXContainerItemProxy section */

/* Begin PBXFileReference section */
		38871DA22C49AFC9003EF377 /* BalanceWell.app */ = {isa = PBXFileReference; explicitFileType = wrapper.application; includeInIndex = 0; path = BalanceWell.app; sourceTree = BUILT_PRODUCTS_DIR; };
		38871DA52C49AFC9003EF377 /* BalanceWellApp.swift */ = {isa = PBXFileReference; lastKnownFileType = sourcecode.swift; path = BalanceWellApp.swift; sourceTree = "<group>"; };
		38871DA72C49AFC9003EF377 /* ContentView.swift */ = {isa = PBXFileReference; lastKnownFileType = sourcecode.swift; path = ContentView.swift; sourceTree = "<group>"; };
		38871DA92C49AFCB003EF377 /* Assets.xcassets */ = {isa = PBXFileReference; lastKnownFileType = folder.assetcatalog; path = Assets.xcassets; sourceTree = "<group>"; };
		38871DAC2C49AFCB003EF377 /* Preview Assets.xcassets */ = {isa = PBXFileReference; lastKnownFileType = folder.assetcatalog; path = "Preview Assets.xcassets"; sourceTree = "<group>"; };
		38871DB22C49AFCB003EF377 /* BalanceWellTests.xctest */ = {isa = PBXFileReference; explicitFileType = wrapper.cfbundle; includeInIndex = 0; path = BalanceWellTests.xctest; sourceTree = BUILT_PRODUCTS_DIR; };
		38871DB62C49AFCB003EF377 /* BalanceWellTests.swift */ = {isa = PBXFileReference; lastKnownFileType = sourcecode.swift; path = BalanceWellTests.swift; sourceTree = "<group>"; };
		38871DBC2C49AFCB003EF377 /* BalanceWellUITests.xctest */ = {isa = PBXFileReference; explicitFileType = wrapper.cfbundle; includeInIndex = 0; path = BalanceWellUITests.xctest; sourceTree = BUILT_PRODUCTS_DIR; };
		38871DC02C49AFCB003EF377 /* BalanceWellUITests.swift */ = {isa = PBXFileReference; lastKnownFileType = sourcecode.swift; path = BalanceWellUITests.swift; sourceTree = "<group>"; };
		38871DC22C49AFCB003EF377 /* BalanceWellUITestsLaunchTests.swift */ = {isa = PBXFileReference; lastKnownFileType = sourcecode.swift; path = BalanceWellUITestsLaunchTests.swift; sourceTree = "<group>"; };
		38871DCF2C49B0FE003EF377 /* homePage.swift */ = {isa = PBXFileReference; lastKnownFileType = sourcecode.swift; path = homePage.swift; sourceTree = "<group>"; };
		38871DD12C49B250003EF377 /* Stretches.swift */ = {isa = PBXFileReference; lastKnownFileType = sourcecode.swift; path = Stretches.swift; sourceTree = "<group>"; };
		38871DD32C49B2C2003EF377 /* sleepTracker.swift */ = {isa = PBXFileReference; lastKnownFileType = sourcecode.swift; path = sleepTracker.swift; sourceTree = "<group>"; };
		38871DD52C49B30F003EF377 /* Meditation.swift */ = {isa = PBXFileReference; lastKnownFileType = sourcecode.swift; path = Meditation.swift; sourceTree = "<group>"; };
		38871DD72C49B492003EF377 /* TwoMinuteTimer.swift */ = {isa = PBXFileReference; lastKnownFileType = sourcecode.swift; path = TwoMinuteTimer.swift; sourceTree = "<group>"; };
		38871DD92C49B501003EF377 /* FiveMinTimer.swift */ = {isa = PBXFileReference; lastKnownFileType = sourcecode.swift; path = FiveMinTimer.swift; sourceTree = "<group>"; };
		38871DDB2C49B534003EF377 /* TenMinTimer.swift */ = {isa = PBXFileReference; lastKnownFileType = sourcecode.swift; path = TenMinTimer.swift; sourceTree = "<group>"; };
/* End PBXFileReference section */

/* Begin PBXFrameworksBuildPhase section */
		38871D9F2C49AFC9003EF377 /* Frameworks */ = {
			isa = PBXFrameworksBuildPhase;
			buildActionMask = 2147483647;
			files = (
			);
			runOnlyForDeploymentPostprocessing = 0;
		};
		38871DAF2C49AFCB003EF377 /* Frameworks */ = {
			isa = PBXFrameworksBuildPhase;
			buildActionMask = 2147483647;
			files = (
			);
			runOnlyForDeploymentPostprocessing = 0;
		};
		38871DB92C49AFCB003EF377 /* Frameworks */ = {
			isa = PBXFrameworksBuildPhase;
			buildActionMask = 2147483647;
			files = (
			);
			runOnlyForDeploymentPostprocessing = 0;
		};
/* End PBXFrameworksBuildPhase section */

/* Begin PBXGroup section */
		38871D992C49AFC9003EF377 = {
			isa = PBXGroup;
			children = (
				38871DA42C49AFC9003EF377 /* BalanceWell */,
				38871DB52C49AFCB003EF377 /* BalanceWellTests */,
				38871DBF2C49AFCB003EF377 /* BalanceWellUITests */,
				38871DA32C49AFC9003EF377 /* Products */,
			);
			sourceTree = "<group>";
		};
		38871DA32C49AFC9003EF377 /* Products */ = {
			isa = PBXGroup;
			children = (
				38871DA22C49AFC9003EF377 /* BalanceWell.app */,
				38871DB22C49AFCB003EF377 /* BalanceWellTests.xctest */,
				38871DBC2C49AFCB003EF377 /* BalanceWellUITests.xctest */,
			);
			name = Products;
			sourceTree = "<group>";
		};
		38871DA42C49AFC9003EF377 /* BalanceWell */ = {
			isa = PBXGroup;
			children = (
				38871DA52C49AFC9003EF377 /* BalanceWellApp.swift */,
				38871DA72C49AFC9003EF377 /* ContentView.swift */,
				38871DCF2C49B0FE003EF377 /* homePage.swift */,
				38871DD52C49B30F003EF377 /* Meditation.swift */,
				38871DD72C49B492003EF377 /* TwoMinuteTimer.swift */,
				38871DD92C49B501003EF377 /* FiveMinTimer.swift */,
				38871DDB2C49B534003EF377 /* TenMinTimer.swift */,
				38871DD32C49B2C2003EF377 /* sleepTracker.swift */,
				38871DD12C49B250003EF377 /* Stretches.swift */,
				38871DA92C49AFCB003EF377 /* Assets.xcassets */,
				38871DAB2C49AFCB003EF377 /* Preview Content */,
			);
			path = BalanceWell;
			sourceTree = "<group>";
		};
		38871DAB2C49AFCB003EF377 /* Preview Content */ = {
			isa = PBXGroup;
			children = (
				38871DAC2C49AFCB003EF377 /* Preview Assets.xcassets */,
			);
			path = "Preview Content";
			sourceTree = "<group>";
		};
		38871DB52C49AFCB003EF377 /* BalanceWellTests */ = {
			isa = PBXGroup;
			children = (
				38871DB62C49AFCB003EF377 /* BalanceWellTests.swift */,
			);
			path = BalanceWellTests;
			sourceTree = "<group>";
		};
		38871DBF2C49AFCB003EF377 /* BalanceWellUITests */ = {
			isa = PBXGroup;
			children = (
				38871DC02C49AFCB003EF377 /* BalanceWellUITests.swift */,
				38871DC22C49AFCB003EF377 /* BalanceWellUITestsLaunchTests.swift */,
			);
			path = BalanceWellUITests;
			sourceTree = "<group>";
		};
/* End PBXGroup section */

/* Begin PBXNativeTarget section */
		38871DA12C49AFC9003EF377 /* BalanceWell */ = {
			isa = PBXNativeTarget;
			buildConfigurationList = 38871DC62C49AFCB003EF377 /* Build configuration list for PBXNativeTarget "BalanceWell" */;
			buildPhases = (
				38871D9E2C49AFC9003EF377 /* Sources */,
				38871D9F2C49AFC9003EF377 /* Frameworks */,
				38871DA02C49AFC9003EF377 /* Resources */,
			);
			buildRules = (
			);
			dependencies = (
			);
			name = BalanceWell;
			productName = BalanceWell;
			productReference = 38871DA22C49AFC9003EF377 /* BalanceWell.app */;
			productType = "com.apple.product-type.application";
		};
		38871DB12C49AFCB003EF377 /* BalanceWellTests */ = {
			isa = PBXNativeTarget;
			buildConfigurationList = 38871DC92C49AFCB003EF377 /* Build configuration list for PBXNativeTarget "BalanceWellTests" */;
			buildPhases = (
				38871DAE2C49AFCB003EF377 /* Sources */,
				38871DAF2C49AFCB003EF377 /* Frameworks */,
				38871DB02C49AFCB003EF377 /* Resources */,
			);
			buildRules = (
			);
			dependencies = (
				38871DB42C49AFCB003EF377 /* PBXTargetDependency */,
			);
			name = BalanceWellTests;
			productName = BalanceWellTests;
			productReference = 38871DB22C49AFCB003EF377 /* BalanceWellTests.xctest */;
			productType = "com.apple.product-type.bundle.unit-test";
		};
		38871DBB2C49AFCB003EF377 /* BalanceWellUITests */ = {
			isa = PBXNativeTarget;
			buildConfigurationList = 38871DCC2C49AFCB003EF377 /* Build configuration list for PBXNativeTarget "BalanceWellUITests" */;
			buildPhases = (
				38871DB82C49AFCB003EF377 /* Sources */,
				38871DB92C49AFCB003EF377 /* Frameworks */,
				38871DBA2C49AFCB003EF377 /* Resources */,
			);
			buildRules = (
			);
			dependencies = (
				38871DBE2C49AFCB003EF377 /* PBXTargetDependency */,
			);
			name = BalanceWellUITests;
			productName = BalanceWellUITests;
			productReference = 38871DBC2C49AFCB003EF377 /* BalanceWellUITests.xctest */;
			productType = "com.apple.product-type.bundle.ui-testing";
		};
/* End PBXNativeTarget section */

/* Begin PBXProject section */
		38871D9A2C49AFC9003EF377 /* Project object */ = {
			isa = PBXProject;
			attributes = {
				BuildIndependentTargetsInParallel = 1;
				LastSwiftUpdateCheck = 1540;
				LastUpgradeCheck = 1540;
				TargetAttributes = {
					38871DA12C49AFC9003EF377 = {
						CreatedOnToolsVersion = 15.4;
					};
					38871DB12C49AFCB003EF377 = {
						CreatedOnToolsVersion = 15.4;
						TestTargetID = 38871DA12C49AFC9003EF377;
					};
					38871DBB2C49AFCB003EF377 = {
						CreatedOnToolsVersion = 15.4;
						TestTargetID = 38871DA12C49AFC9003EF377;
					};
				};
			};
			buildConfigurationList = 38871D9D2C49AFC9003EF377 /* Build configuration list for PBXProject "BalanceWell" */;
			compatibilityVersion = "Xcode 14.0";
			developmentRegion = en;
			hasScannedForEncodings = 0;
			knownRegions = (
				en,
				Base,
			);
			mainGroup = 38871D992C49AFC9003EF377;
			productRefGroup = 38871DA32C49AFC9003EF377 /* Products */;
			projectDirPath = "";
			projectRoot = "";
			targets = (
				38871DA12C49AFC9003EF377 /* BalanceWell */,
				38871DB12C49AFCB003EF377 /* BalanceWellTests */,
				38871DBB2C49AFCB003EF377 /* BalanceWellUITests */,
			);
		};
/* End PBXProject section */

/* Begin PBXResourcesBuildPhase section */
		38871DA02C49AFC9003EF377 /* Resources */ = {
			isa = PBXResourcesBuildPhase;
			buildActionMask = 2147483647;
			files = (
				38871DAD2C49AFCB003EF377 /* Preview Assets.xcassets in Resources */,
				38871DAA2C49AFCB003EF377 /* Assets.xcassets in Resources */,
			);
			runOnlyForDeploymentPostprocessing = 0;
		};
		38871DB02C49AFCB003EF377 /* Resources */ = {
			isa = PBXResourcesBuildPhase;
			buildActionMask = 2147483647;
			files = (
			);
			runOnlyForDeploymentPostprocessing = 0;
		};
		38871DBA2C49AFCB003EF377 /* Resources */ = {
			isa = PBXResourcesBuildPhase;
			buildActionMask = 2147483647;
			files = (
			);
			runOnlyForDeploymentPostprocessing = 0;
		};
/* End PBXResourcesBuildPhase section */

/* Begin PBXSourcesBuildPhase section */
		38871D9E2C49AFC9003EF377 /* Sources */ = {
			isa = PBXSourcesBuildPhase;
			buildActionMask = 2147483647;
			files = (
				38871DD42C49B2C2003EF377 /* sleepTracker.swift in Sources */,
				38871DDC2C49B535003EF377 /* TenMinTimer.swift in Sources */,
				38871DD02C49B0FE003EF377 /* homePage.swift in Sources */,
				38871DA82C49AFC9003EF377 /* ContentView.swift in Sources */,
				38871DD82C49B492003EF377 /* TwoMinuteTimer.swift in Sources */,
				38871DDA2C49B501003EF377 /* FiveMinTimer.swift in Sources */,
				38871DD62C49B30F003EF377 /* Meditation.swift in Sources */,
				38871DA62C49AFC9003EF377 /* BalanceWellApp.swift in Sources */,
				38871DD22C49B250003EF377 /* Stretches.swift in Sources */,
			);
			runOnlyForDeploymentPostprocessing = 0;
		};
		38871DAE2C49AFCB003EF377 /* Sources */ = {
			isa = PBXSourcesBuildPhase;
			buildActionMask = 2147483647;
			files = (
				38871DB72C49AFCB003EF377 /* BalanceWellTests.swift in Sources */,
			);
			runOnlyForDeploymentPostprocessing = 0;
		};
		38871DB82C49AFCB003EF377 /* Sources */ = {
			isa = PBXSourcesBuildPhase;
			buildActionMask = 2147483647;
			files = (
				38871DC12C49AFCB003EF377 /* BalanceWellUITests.swift in Sources */,
				38871DC32C49AFCB003EF377 /* BalanceWellUITestsLaunchTests.swift in Sources */,
			);
			runOnlyForDeploymentPostprocessing = 0;
		};
/* End PBXSourcesBuildPhase section */

/* Begin PBXTargetDependency section */
		38871DB42C49AFCB003EF377 /* PBXTargetDependency */ = {
			isa = PBXTargetDependency;
			target = 38871DA12C49AFC9003EF377 /* BalanceWell */;
			targetProxy = 38871DB32C49AFCB003EF377 /* PBXContainerItemProxy */;
		};
		38871DBE2C49AFCB003EF377 /* PBXTargetDependency */ = {
			isa = PBXTargetDependency;
			target = 38871DA12C49AFC9003EF377 /* BalanceWell */;
			targetProxy = 38871DBD2C49AFCB003EF377 /* PBXContainerItemProxy */;
		};
/* End PBXTargetDependency section */

/* Begin XCBuildConfiguration section */
		38871DC42C49AFCB003EF377 /* Debug */ = {
			isa = XCBuildConfiguration;
			buildSettings = {
				ALWAYS_SEARCH_USER_PATHS = NO;
				ASSETCATALOG_COMPILER_GENERATE_SWIFT_ASSET_SYMBOL_EXTENSIONS = YES;
				CLANG_ANALYZER_NONNULL = YES;
				CLANG_ANALYZER_NUMBER_OBJECT_CONVERSION = YES_AGGRESSIVE;
				CLANG_CXX_LANGUAGE_STANDARD = "gnu++20";
				CLANG_ENABLE_MODULES = YES;
				CLANG_ENABLE_OBJC_ARC = YES;
				CLANG_ENABLE_OBJC_WEAK = YES;
				CLANG_WARN_BLOCK_CAPTURE_AUTORELEASING = YES;
				CLANG_WARN_BOOL_CONVERSION = YES;
				CLANG_WARN_COMMA = YES;
				CLANG_WARN_CONSTANT_CONVERSION = YES;
				CLANG_WARN_DEPRECATED_OBJC_IMPLEMENTATIONS = YES;
				CLANG_WARN_DIRECT_OBJC_ISA_USAGE = YES_ERROR;
				CLANG_WARN_DOCUMENTATION_COMMENTS = YES;
				CLANG_WARN_EMPTY_BODY = YES;
				CLANG_WARN_ENUM_CONVERSION = YES;
				CLANG_WARN_INFINITE_RECURSION = YES;
				CLANG_WARN_INT_CONVERSION = YES;
				CLANG_WARN_NON_LITERAL_NULL_CONVERSION = YES;
				CLANG_WARN_OBJC_IMPLICIT_RETAIN_SELF = YES;
				CLANG_WARN_OBJC_LITERAL_CONVERSION = YES;
				CLANG_WARN_OBJC_ROOT_CLASS = YES_ERROR;
				CLANG_WARN_QUOTED_INCLUDE_IN_FRAMEWORK_HEADER = YES;
				CLANG_WARN_RANGE_LOOP_ANALYSIS = YES;
				CLANG_WARN_STRICT_PROTOTYPES = YES;
				CLANG_WARN_SUSPICIOUS_MOVE = YES;
				CLANG_WARN_UNGUARDED_AVAILABILITY = YES_AGGRESSIVE;
				CLANG_WARN_UNREACHABLE_CODE = YES;
				CLANG_WARN__DUPLICATE_METHOD_MATCH = YES;
				COPY_PHASE_STRIP = NO;
				DEBUG_INFORMATION_FORMAT = dwarf;
				ENABLE_STRICT_OBJC_MSGSEND = YES;
				ENABLE_TESTABILITY = YES;
				ENABLE_USER_SCRIPT_SANDBOXING = YES;
				GCC_C_LANGUAGE_STANDARD = gnu17;
				GCC_DYNAMIC_NO_PIC = NO;
				GCC_NO_COMMON_BLOCKS = YES;
				GCC_OPTIMIZATION_LEVEL = 0;
				GCC_PREPROCESSOR_DEFINITIONS = (
					"DEBUG=1",
					"$(inherited)",
				);
				GCC_WARN_64_TO_32_BIT_CONVERSION = YES;
				GCC_WARN_ABOUT_RETURN_TYPE = YES_ERROR;
				GCC_WARN_UNDECLARED_SELECTOR = YES;
				GCC_WARN_UNINITIALIZED_AUTOS = YES_AGGRESSIVE;
				GCC_WARN_UNUSED_FUNCTION = YES;
				GCC_WARN_UNUSED_VARIABLE = YES;
				IPHONEOS_DEPLOYMENT_TARGET = 17.5;
				LOCALIZATION_PREFERS_STRING_CATALOGS = YES;
				MTL_ENABLE_DEBUG_INFO = INCLUDE_SOURCE;
				MTL_FAST_MATH = YES;
				ONLY_ACTIVE_ARCH = YES;
				SDKROOT = iphoneos;
				SWIFT_ACTIVE_COMPILATION_CONDITIONS = "DEBUG $(inherited)";
				SWIFT_OPTIMIZATION_LEVEL = "-Onone";
			};
			name = Debug;
		};
		38871DC52C49AFCB003EF377 /* Release */ = {
			isa = XCBuildConfiguration;
			buildSettings = {
				ALWAYS_SEARCH_USER_PATHS = NO;
				ASSETCATALOG_COMPILER_GENERATE_SWIFT_ASSET_SYMBOL_EXTENSIONS = YES;
				CLANG_ANALYZER_NONNULL = YES;
				CLANG_ANALYZER_NUMBER_OBJECT_CONVERSION = YES_AGGRESSIVE;
				CLANG_CXX_LANGUAGE_STANDARD = "gnu++20";
				CLANG_ENABLE_MODULES = YES;
				CLANG_ENABLE_OBJC_ARC = YES;
				CLANG_ENABLE_OBJC_WEAK = YES;
				CLANG_WARN_BLOCK_CAPTURE_AUTORELEASING = YES;
				CLANG_WARN_BOOL_CONVERSION = YES;
				CLANG_WARN_COMMA = YES;
				CLANG_WARN_CONSTANT_CONVERSION = YES;
				CLANG_WARN_DEPRECATED_OBJC_IMPLEMENTATIONS = YES;
				CLANG_WARN_DIRECT_OBJC_ISA_USAGE = YES_ERROR;
				CLANG_WARN_DOCUMENTATION_COMMENTS = YES;
				CLANG_WARN_EMPTY_BODY = YES;
				CLANG_WARN_ENUM_CONVERSION = YES;
				CLANG_WARN_INFINITE_RECURSION = YES;
				CLANG_WARN_INT_CONVERSION = YES;
				CLANG_WARN_NON_LITERAL_NULL_CONVERSION = YES;
				CLANG_WARN_OBJC_IMPLICIT_RETAIN_SELF = YES;
				CLANG_WARN_OBJC_LITERAL_CONVERSION = YES;
				CLANG_WARN_OBJC_ROOT_CLASS = YES_ERROR;
				CLANG_WARN_QUOTED_INCLUDE_IN_FRAMEWORK_HEADER = YES;
				CLANG_WARN_RANGE_LOOP_ANALYSIS = YES;
				CLANG_WARN_STRICT_PROTOTYPES = YES;
				CLANG_WARN_SUSPICIOUS_MOVE = YES;
				CLANG_WARN_UNGUARDED_AVAILABILITY = YES_AGGRESSIVE;
				CLANG_WARN_UNREACHABLE_CODE = YES;
				CLANG_WARN__DUPLICATE_METHOD_MATCH = YES;
				COPY_PHASE_STRIP = NO;
				DEBUG_INFORMATION_FORMAT = "dwarf-with-dsym";
				ENABLE_NS_ASSERTIONS = NO;
				ENABLE_STRICT_OBJC_MSGSEND = YES;
				ENABLE_USER_SCRIPT_SANDBOXING = YES;
				GCC_C_LANGUAGE_STANDARD = gnu17;
				GCC_NO_COMMON_BLOCKS = YES;
				GCC_WARN_64_TO_32_BIT_CONVERSION = YES;
				GCC_WARN_ABOUT_RETURN_TYPE = YES_ERROR;
				GCC_WARN_UNDECLARED_SELECTOR = YES;
				GCC_WARN_UNINITIALIZED_AUTOS = YES_AGGRESSIVE;
				GCC_WARN_UNUSED_FUNCTION = YES;
				GCC_WARN_UNUSED_VARIABLE = YES;
				IPHONEOS_DEPLOYMENT_TARGET = 17.5;
				LOCALIZATION_PREFERS_STRING_CATALOGS = YES;
				MTL_ENABLE_DEBUG_INFO = NO;
				MTL_FAST_MATH = YES;
				SDKROOT = iphoneos;
				SWIFT_COMPILATION_MODE = wholemodule;
				VALIDATE_PRODUCT = YES;
			};
			name = Release;
		};
		38871DC72C49AFCB003EF377 /* Debug */ = {
			isa = XCBuildConfiguration;
			buildSettings = {
				ASSETCATALOG_COMPILER_APPICON_NAME = AppIcon;
				ASSETCATALOG_COMPILER_GLOBAL_ACCENT_COLOR_NAME = AccentColor;
				CODE_SIGN_STYLE = Automatic;
				CURRENT_PROJECT_VERSION = 1;
				DEVELOPMENT_ASSET_PATHS = "\"BalanceWell/Preview Content\"";
				ENABLE_PREVIEWS = YES;
				GENERATE_INFOPLIST_FILE = YES;
				INFOPLIST_KEY_UIApplicationSceneManifest_Generation = YES;
				INFOPLIST_KEY_UIApplicationSupportsIndirectInputEvents = YES;
				INFOPLIST_KEY_UILaunchScreen_Generation = YES;
				INFOPLIST_KEY_UISupportedInterfaceOrientations_iPad = "UIInterfaceOrientationPortrait UIInterfaceOrientationPortraitUpsideDown UIInterfaceOrientationLandscapeLeft UIInterfaceOrientationLandscapeRight";
				INFOPLIST_KEY_UISupportedInterfaceOrientations_iPhone = "UIInterfaceOrientationPortrait UIInterfaceOrientationLandscapeLeft UIInterfaceOrientationLandscapeRight";
				LD_RUNPATH_SEARCH_PATHS = (
					"$(inherited)",
					"@executable_path/Frameworks",
				);
				MARKETING_VERSION = 1.0;
				PRODUCT_BUNDLE_IDENTIFIER = C2.BalanceWell;
				PRODUCT_NAME = "$(TARGET_NAME)";
				SWIFT_EMIT_LOC_STRINGS = YES;
				SWIFT_VERSION = 5.0;
				TARGETED_DEVICE_FAMILY = "1,2";
			};
			name = Debug;
		};
		38871DC82C49AFCB003EF377 /* Release */ = {
			isa = XCBuildConfiguration;
			buildSettings = {
				ASSETCATALOG_COMPILER_APPICON_NAME = AppIcon;
				ASSETCATALOG_COMPILER_GLOBAL_ACCENT_COLOR_NAME = AccentColor;
				CODE_SIGN_STYLE = Automatic;
				CURRENT_PROJECT_VERSION = 1;
				DEVELOPMENT_ASSET_PATHS = "\"BalanceWell/Preview Content\"";
				ENABLE_PREVIEWS = YES;
				GENERATE_INFOPLIST_FILE = YES;
				INFOPLIST_KEY_UIApplicationSceneManifest_Generation = YES;
				INFOPLIST_KEY_UIApplicationSupportsIndirectInputEvents = YES;
				INFOPLIST_KEY_UILaunchScreen_Generation = YES;
				INFOPLIST_KEY_UISupportedInterfaceOrientations_iPad = "UIInterfaceOrientationPortrait UIInterfaceOrientationPortraitUpsideDown UIInterfaceOrientationLandscapeLeft UIInterfaceOrientationLandscapeRight";
				INFOPLIST_KEY_UISupportedInterfaceOrientations_iPhone = "UIInterfaceOrientationPortrait UIInterfaceOrientationLandscapeLeft UIInterfaceOrientationLandscapeRight";
				LD_RUNPATH_SEARCH_PATHS = (
					"$(inherited)",
					"@executable_path/Frameworks",
				);
				MARKETING_VERSION = 1.0;
				PRODUCT_BUNDLE_IDENTIFIER = C2.BalanceWell;
				PRODUCT_NAME = "$(TARGET_NAME)";
				SWIFT_EMIT_LOC_STRINGS = YES;
				SWIFT_VERSION = 5.0;
				TARGETED_DEVICE_FAMILY = "1,2";
			};
			name = Release;
		};
		38871DCA2C49AFCB003EF377 /* Debug */ = {
			isa = XCBuildConfiguration;
			buildSettings = {
				ALWAYS_EMBED_SWIFT_STANDARD_LIBRARIES = YES;
				BUNDLE_LOADER = "$(TEST_HOST)";
				CODE_SIGN_STYLE = Automatic;
				CURRENT_PROJECT_VERSION = 1;
				GENERATE_INFOPLIST_FILE = YES;
				IPHONEOS_DEPLOYMENT_TARGET = 17.5;
				MARKETING_VERSION = 1.0;
				PRODUCT_BUNDLE_IDENTIFIER = C2.BalanceWellTests;
				PRODUCT_NAME = "$(TARGET_NAME)";
				SWIFT_EMIT_LOC_STRINGS = NO;
				SWIFT_VERSION = 5.0;
				TARGETED_DEVICE_FAMILY = "1,2";
				TEST_HOST = "$(BUILT_PRODUCTS_DIR)/BalanceWell.app/$(BUNDLE_EXECUTABLE_FOLDER_PATH)/BalanceWell";
			};
			name = Debug;
		};
		38871DCB2C49AFCB003EF377 /* Release */ = {
			isa = XCBuildConfiguration;
			buildSettings = {
				ALWAYS_EMBED_SWIFT_STANDARD_LIBRARIES = YES;
				BUNDLE_LOADER = "$(TEST_HOST)";
				CODE_SIGN_STYLE = Automatic;
				CURRENT_PROJECT_VERSION = 1;
				GENERATE_INFOPLIST_FILE = YES;
				IPHONEOS_DEPLOYMENT_TARGET = 17.5;
				MARKETING_VERSION = 1.0;
				PRODUCT_BUNDLE_IDENTIFIER = C2.BalanceWellTests;
				PRODUCT_NAME = "$(TARGET_NAME)";
				SWIFT_EMIT_LOC_STRINGS = NO;
				SWIFT_VERSION = 5.0;
				TARGETED_DEVICE_FAMILY = "1,2";
				TEST_HOST = "$(BUILT_PRODUCTS_DIR)/BalanceWell.app/$(BUNDLE_EXECUTABLE_FOLDER_PATH)/BalanceWell";
			};
			name = Release;
		};
		38871DCD2C49AFCB003EF377 /* Debug */ = {
			isa = XCBuildConfiguration;
			buildSettings = {
				ALWAYS_EMBED_SWIFT_STANDARD_LIBRARIES = YES;
				CODE_SIGN_STYLE = Automatic;
				CURRENT_PROJECT_VERSION = 1;
				GENERATE_INFOPLIST_FILE = YES;
				MARKETING_VERSION = 1.0;
				PRODUCT_BUNDLE_IDENTIFIER = C2.BalanceWellUITests;
				PRODUCT_NAME = "$(TARGET_NAME)";
				SWIFT_EMIT_LOC_STRINGS = NO;
				SWIFT_VERSION = 5.0;
				TARGETED_DEVICE_FAMILY = "1,2";
				TEST_TARGET_NAME = BalanceWell;
			};
			name = Debug;
		};
		38871DCE2C49AFCB003EF377 /* Release */ = {
			isa = XCBuildConfiguration;
			buildSettings = {
				ALWAYS_EMBED_SWIFT_STANDARD_LIBRARIES = YES;
				CODE_SIGN_STYLE = Automatic;
				CURRENT_PROJECT_VERSION = 1;
				GENERATE_INFOPLIST_FILE = YES;
				MARKETING_VERSION = 1.0;
				PRODUCT_BUNDLE_IDENTIFIER = C2.BalanceWellUITests;
				PRODUCT_NAME = "$(TARGET_NAME)";
				SWIFT_EMIT_LOC_STRINGS = NO;
				SWIFT_VERSION = 5.0;
				TARGETED_DEVICE_FAMILY = "1,2";
				TEST_TARGET_NAME = BalanceWell;
			};
			name = Release;
		};
/* End XCBuildConfiguration section */

/* Begin XCConfigurationList section */
		38871D9D2C49AFC9003EF377 /* Build configuration list for PBXProject "BalanceWell" */ = {
			isa = XCConfigurationList;
			buildConfigurations = (
				38871DC42C49AFCB003EF377 /* Debug */,
				38871DC52C49AFCB003EF377 /* Release */,
			);
			defaultConfigurationIsVisible = 0;
			defaultConfigurationName = Release;
		};
		38871DC62C49AFCB003EF377 /* Build configuration list for PBXNativeTarget "BalanceWell" */ = {
			isa = XCConfigurationList;
			buildConfigurations = (
				38871DC72C49AFCB003EF377 /* Debug */,
				38871DC82C49AFCB003EF377 /* Release */,
			);
			defaultConfigurationIsVisible = 0;
			defaultConfigurationName = Release;
		};
		38871DC92C49AFCB003EF377 /* Build configuration list for PBXNativeTarget "BalanceWellTests" */ = {
			isa = XCConfigurationList;
			buildConfigurations = (
				38871DCA2C49AFCB003EF377 /* Debug */,
				38871DCB2C49AFCB003EF377 /* Release */,
			);
			defaultConfigurationIsVisible = 0;
			defaultConfigurationName = Release;
		};
		38871DCC2C49AFCB003EF377 /* Build configuration list for PBXNativeTarget "BalanceWellUITests" */ = {
			isa = XCConfigurationList;
			buildConfigurations = (
				38871DCD2C49AFCB003EF377 /* Debug */,
				38871DCE2C49AFCB003EF377 /* Release */,
			);
			defaultConfigurationIsVisible = 0;
			defaultConfigurationName = Release;
		};
/* End XCConfigurationList section */
	};
	rootObject = 38871D9A2C49AFC9003EF377 /* Project object */;
}
